
Microsoft Visual Studio Solution File, Format Version 12.00
# Visual Studio Version 16
VisualStudioVersion = 16.0.31005.135
MinimumVisualStudioVersion = 10.0.40219.1
Project("{FAE04EC0-301F-11D3-BF4B-00C04F79EFBC}") = "StackExchange-Redis-NetCore", "StackExchange-Redis-NetCore.csproj", "{A9481D7A-193A-46E4-BE7B-C033596AD379}"
EndProject
Global
	GlobalSection(SolutionConfigurationPlatforms) = preSolution
		Debug|Any CPU = Debug|Any CPU
		Release|Any CPU = Release|Any CPU
	EndGlobalSection
	GlobalSection(ProjectConfigurationPlatforms) = postSolution
		{A9481D7A-193A-46E4-BE7B-C033596AD379}.Debug|Any CPU.ActiveCfg = Debug|Any CPU
		{A9481D7A-193A-46E4-BE7B-C033596AD379}.Debug|Any CPU.Build.0 = Debug|Any CPU
		{A9481D7A-193A-46E4-BE7B-C033596AD379}.Release|Any CPU.ActiveCfg = Release|Any CPU
		{A9481D7A-193A-46E4-BE7B-C033596AD379}.Release|Any CPU.Build.0 = Release|Any CPU
	EndGlobalSection
	GlobalSection(SolutionProperties) = preSolution
		HideSolutionNode = FALSE
	EndGlobalSection
	GlobalSection(ExtensibilityGlobals) = postSolution
		SolutionGuid = {34AF9A67-9CFC-4624-A903-E4BA623C6BDC}
	EndGlobalSection
EndGlobal
